
Microsoft Visual Studio Solution File, Format Version 12.00
# Visual Studio Version 17
VisualStudioVersion = 17.5.002.0
MinimumVisualStudioVersion = 10.0.40219.1
Project("{9A19103F-16F7-4668-BE54-9A1E7A4F7556}") = "troco", "troco.csproj", "{87549CD3-752A-4A3A-B060-C573C227529B}"
EndProject
Global
	GlobalSection(SolutionConfigurationPlatforms) = preSolution
		Debug|Any CPU = Debug|Any CPU
		Release|Any CPU = Release|Any CPU
	EndGlobalSection
	GlobalSection(ProjectConfigurationPlatforms) = postSolution
		{87549CD3-752A-4A3A-B060-C573C227529B}.Debug|Any CPU.ActiveCfg = Debug|Any CPU
		{87549CD3-752A-4A3A-B060-C573C227529B}.Debug|Any CPU.Build.0 = Debug|Any CPU
		{87549CD3-752A-4A3A-B060-C573C227529B}.Release|Any CPU.ActiveCfg = Release|Any CPU
		{87549CD3-752A-4A3A-B060-C573C227529B}.Release|Any CPU.Build.0 = Release|Any CPU
	EndGlobalSection
	GlobalSection(SolutionProperties) = preSolution
		HideSolutionNode = FALSE
	EndGlobalSection
	GlobalSection(ExtensibilityGlobals) = postSolution
		SolutionGuid = {0EE50D08-CA97-4952-877D-1B7821DF50B1}
	EndGlobalSection
EndGlobal
